
Microsoft Visual Studio Solution File, Format Version 12.00
# Visual Studio Version 17
VisualStudioVersion = 17.10.35027.167
MinimumVisualStudioVersion = 10.0.40219.1
Project("{9A19103F-16F7-4668-BE54-9A1E7A4F7556}") = "TaskManager", "TaskManager\TaskManager.csproj", "{EFF77A0A-9AFF-48D5-A3BE-F97ED46430B6}"
EndProject
Global
	GlobalSection(SolutionConfigurationPlatforms) = preSolution
		Debug|Any CPU = Debug|Any CPU
		Release|Any CPU = Release|Any CPU
	EndGlobalSection
	GlobalSection(ProjectConfigurationPlatforms) = postSolution
		{EFF77A0A-9AFF-48D5-A3BE-F97ED46430B6}.Debug|Any CPU.ActiveCfg = Debug|Any CPU
		{EFF77A0A-9AFF-48D5-A3BE-F97ED46430B6}.Debug|Any CPU.Build.0 = Debug|Any CPU
		{EFF77A0A-9AFF-48D5-A3BE-F97ED46430B6}.Release|Any CPU.ActiveCfg = Release|Any CPU
		{EFF77A0A-9AFF-48D5-A3BE-F97ED46430B6}.Release|Any CPU.Build.0 = Release|Any CPU
	EndGlobalSection
	GlobalSection(SolutionProperties) = preSolution
		HideSolutionNode = FALSE
	EndGlobalSection
	GlobalSection(ExtensibilityGlobals) = postSolution
		SolutionGuid = {9E70CB96-111B-4F3A-9EAA-D50BBEF5BDCF}
	EndGlobalSection
	GlobalSection(TeamFoundationVersionControl) = preSolution
		SccNumberOfProjects = 2
		SccEnterpriseProvider = {4CA58AB2-18FA-4F8D-95D4-32DDF27D184C}
		SccTeamFoundationServer = http://10.240.3.71:8080/tfs/cit
		SccLocalPath0 = .
		SccProjectUniqueName1 = TaskManager\\TaskManager.csproj
		SccProjectName1 = TaskManager
		SccLocalPath1 = TaskManager
	EndGlobalSection
EndGlobal
